
Microsoft Visual Studio Solution File, Format Version 12.00
# Visual Studio Version 17
VisualStudioVersion = 17.5.001.0
MinimumVisualStudioVersion = 10.0.40219.1
Project("{9A19103F-16F7-4668-BE54-9A1E7A4F7556}") = "Advent_of_Code_2022", "Advent_of_Code_2022.csproj", "{6265CA28-AB36-405C-823A-690849CB06C9}"
EndProject
Global
	GlobalSection(SolutionConfigurationPlatforms) = preSolution
		Debug|Any CPU = Debug|Any CPU
		Release|Any CPU = Release|Any CPU
	EndGlobalSection
	GlobalSection(ProjectConfigurationPlatforms) = postSolution
		{6265CA28-AB36-405C-823A-690849CB06C9}.Debug|Any CPU.ActiveCfg = Debug|Any CPU
		{6265CA28-AB36-405C-823A-690849CB06C9}.Debug|Any CPU.Build.0 = Debug|Any CPU
		{6265CA28-AB36-405C-823A-690849CB06C9}.Release|Any CPU.ActiveCfg = Release|Any CPU
		{6265CA28-AB36-405C-823A-690849CB06C9}.Release|Any CPU.Build.0 = Release|Any CPU
	EndGlobalSection
	GlobalSection(SolutionProperties) = preSolution
		HideSolutionNode = FALSE
	EndGlobalSection
	GlobalSection(ExtensibilityGlobals) = postSolution
		SolutionGuid = {226ABE01-4C57-4CE6-8B9E-A0EDB4D4935B}
	EndGlobalSection
EndGlobal
